
Microsoft Visual Studio Solution File, Format Version 12.00
Project("{2150E333-8FDC-42A3-9474-1A3956D46DE8}") = "Solution", "Solution", "{F7F86587-7E6D-40B9-87B3-579D9CA7C1AD}"
	ProjectSection(SolutionItems) = preProject
		.gitignore = .gitignore
		Directory.Build.props = Directory.Build.props
		nuget.config = nuget.config
		.editorconfig = .editorconfig
		global.json = global.json
	EndProjectSection
EndProject
Project("{2150E333-8FDC-42A3-9474-1A3956D46DE8}") = "Tests", "Tests", "{6B6F3FD7-DDF9-4EE6-BAC8-A9BE1DF3C9AF}"
EndProject
Project("{2150E333-8FDC-42A3-9474-1A3956D46DE8}") = "Source", "Source", "{067173FC-7A83-452C-BE57-D36E0A9A3CCB}"
EndProject
Project("{FAE04EC0-301F-11D3-BF4B-00C04F79EFBC}") = "Service", "Source\Service\Service.csproj", "{65D6348B-9CE9-49F5-9212-A8A399F6287D}"
EndProject
Global
	GlobalSection(SolutionConfigurationPlatforms) = preSolution
		Debug|Any CPU = Debug|Any CPU
		Release|Any CPU = Release|Any CPU
	EndGlobalSection
	GlobalSection(NestedProjects) = preSolution
		{65D6348B-9CE9-49F5-9212-A8A399F6287D} = {067173FC-7A83-452C-BE57-D36E0A9A3CCB}
	EndGlobalSection
	GlobalSection(ProjectConfigurationPlatforms) = postSolution
		{65D6348B-9CE9-49F5-9212-A8A399F6287D}.Debug|Any CPU.ActiveCfg = Debug|Any CPU
		{65D6348B-9CE9-49F5-9212-A8A399F6287D}.Debug|Any CPU.Build.0 = Debug|Any CPU
		{65D6348B-9CE9-49F5-9212-A8A399F6287D}.Release|Any CPU.ActiveCfg = Release|Any CPU
		{65D6348B-9CE9-49F5-9212-A8A399F6287D}.Release|Any CPU.Build.0 = Release|Any CPU
	EndGlobalSection
EndGlobal
